
Microsoft Visual Studio Solution File, Format Version 12.00
# Visual Studio Version 17
VisualStudioVersion = 17.4.33122.133
MinimumVisualStudioVersion = 10.0.40219.1
Project("{FAE04EC0-301F-11D3-BF4B-00C04F79EFBC}") = "Train", "Train\Train.csproj", "{E9CB46AC-602B-4F70-AF47-9813491AEE4C}"
EndProject
Global
	GlobalSection(SolutionConfigurationPlatforms) = preSolution
		Debug|Any CPU = Debug|Any CPU
		Release|Any CPU = Release|Any CPU
	EndGlobalSection
	GlobalSection(ProjectConfigurationPlatforms) = postSolution
		{E9CB46AC-602B-4F70-AF47-9813491AEE4C}.Debug|Any CPU.ActiveCfg = Debug|Any CPU
		{E9CB46AC-602B-4F70-AF47-9813491AEE4C}.Debug|Any CPU.Build.0 = Debug|Any CPU
		{E9CB46AC-602B-4F70-AF47-9813491AEE4C}.Release|Any CPU.ActiveCfg = Release|Any CPU
		{E9CB46AC-602B-4F70-AF47-9813491AEE4C}.Release|Any CPU.Build.0 = Release|Any CPU
	EndGlobalSection
	GlobalSection(SolutionProperties) = preSolution
		HideSolutionNode = FALSE
	EndGlobalSection
	GlobalSection(ExtensibilityGlobals) = postSolution
		SolutionGuid = {ECA96B06-3125-4238-910B-0A1DB6D3F772}
	EndGlobalSection
EndGlobal
